{
  "name": "catalog",
  "lockfileVersion": 3,
  "requires": true,
  "packages": {
    "": {
      "dependencies": {
        "validator": "^13.15.22"
      }
    },
    "node_modules/validator": {
      "version": "13.15.22",
      "resolved": "https://registry.npmjs.org/validator/-/validator-13.15.22.tgz",
      "integrity": "sha512-uT/YQjiyLJP7HSrv/dPZqK9L28xf8hsNca01HSz1dfmI0DgMfjopp1rO/z13NeGF1tVystF0Ejx3y4rUKPw+bQ==",
      "license": "MIT",
      "engines": {
        "node": ">= 0.10"
      }
    }
  }
}
